
Microsoft Visual Studio Solution File, Format Version 12.00
# Visual Studio Version 16
VisualStudioVersion = 16.0.32510.428
MinimumVisualStudioVersion = 10.0.40219.1
Project("{FAE04EC0-301F-11D3-BF4B-00C04F79EFBC}") = "ZainNabi-CubeZoo-Assessment", "ZainNabi-CubeZoo-Assessment\ZainNabi-CubeZoo-Assessment.csproj", "{FB5E8FAB-D928-40D9-8145-2C352D42CF0F}"
EndProject
Project("{FAE04EC0-301F-11D3-BF4B-00C04F79EFBC}") = "Cubezoo-BusinessLogic", "Cubezoo-BusinessLogic\Cubezoo-BusinessLogic.csproj", "{3EC3DA57-15C8-4C47-8BDF-0E3C1F0C3F2D}"
EndProject
Project("{FAE04EC0-301F-11D3-BF4B-00C04F79EFBC}") = "Cubezoo-Models", "Cubezoo-Models\Cubezoo-Models.csproj", "{5A9A6D45-3592-4502-8B8C-B1AE309B3C68}"
EndProject
Project("{FAE04EC0-301F-11D3-BF4B-00C04F79EFBC}") = "Cubezoo-Interface", "Cubezoo-Interface\Cubezoo-Interface.csproj", "{58F5C9F1-A11B-49A0-AC58-93FE7192C983}"
EndProject
Global
	GlobalSection(SolutionConfigurationPlatforms) = preSolution
		Debug|Any CPU = Debug|Any CPU
		Release|Any CPU = Release|Any CPU
	EndGlobalSection
	GlobalSection(ProjectConfigurationPlatforms) = postSolution
		{FB5E8FAB-D928-40D9-8145-2C352D42CF0F}.Debug|Any CPU.ActiveCfg = Debug|Any CPU
		{FB5E8FAB-D928-40D9-8145-2C352D42CF0F}.Debug|Any CPU.Build.0 = Debug|Any CPU
		{FB5E8FAB-D928-40D9-8145-2C352D42CF0F}.Release|Any CPU.ActiveCfg = Release|Any CPU
		{FB5E8FAB-D928-40D9-8145-2C352D42CF0F}.Release|Any CPU.Build.0 = Release|Any CPU
		{3EC3DA57-15C8-4C47-8BDF-0E3C1F0C3F2D}.Debug|Any CPU.ActiveCfg = Debug|Any CPU
		{3EC3DA57-15C8-4C47-8BDF-0E3C1F0C3F2D}.Debug|Any CPU.Build.0 = Debug|Any CPU
		{3EC3DA57-15C8-4C47-8BDF-0E3C1F0C3F2D}.Release|Any CPU.ActiveCfg = Release|Any CPU
		{3EC3DA57-15C8-4C47-8BDF-0E3C1F0C3F2D}.Release|Any CPU.Build.0 = Release|Any CPU
		{5A9A6D45-3592-4502-8B8C-B1AE309B3C68}.Debug|Any CPU.ActiveCfg = Debug|Any CPU
		{5A9A6D45-3592-4502-8B8C-B1AE309B3C68}.Debug|Any CPU.Build.0 = Debug|Any CPU
		{5A9A6D45-3592-4502-8B8C-B1AE309B3C68}.Release|Any CPU.ActiveCfg = Release|Any CPU
		{5A9A6D45-3592-4502-8B8C-B1AE309B3C68}.Release|Any CPU.Build.0 = Release|Any CPU
		{58F5C9F1-A11B-49A0-AC58-93FE7192C983}.Debug|Any CPU.ActiveCfg = Debug|Any CPU
		{58F5C9F1-A11B-49A0-AC58-93FE7192C983}.Debug|Any CPU.Build.0 = Debug|Any CPU
		{58F5C9F1-A11B-49A0-AC58-93FE7192C983}.Release|Any CPU.ActiveCfg = Release|Any CPU
		{58F5C9F1-A11B-49A0-AC58-93FE7192C983}.Release|Any CPU.Build.0 = Release|Any CPU
	EndGlobalSection
	GlobalSection(SolutionProperties) = preSolution
		HideSolutionNode = FALSE
	EndGlobalSection
	GlobalSection(ExtensibilityGlobals) = postSolution
		SolutionGuid = {B50D45AB-0C85-4268-B951-ADEA3BF3129B}
	EndGlobalSection
EndGlobal
